
Microsoft Visual Studio Solution File, Format Version 12.00
# Visual Studio Version 17
VisualStudioVersion = 17.0.31903.59
MinimumVisualStudioVersion = 10.0.40219.1
Project("{9A19103F-16F7-4668-BE54-9A1E7A4F7556}") = "CarWorkshop.MVC", "CarWorkshop.MVC\CarWorkshop.MVC.csproj", "{D58D0268-CADF-4B6A-996F-6603C78DC07B}"
EndProject
Project("{FAE04EC0-301F-11D3-BF4B-00C04F79EFBC}") = "CarWorkshop.Domain", "CarWorkshop.Domain\CarWorkshop.Domain.csproj", "{8B266C6B-72F9-45DC-9EFD-E759A771F445}"
EndProject
Project("{FAE04EC0-301F-11D3-BF4B-00C04F79EFBC}") = "CarWorkshop.Application", "CarWorkshop.Application\CarWorkshop.Application.csproj", "{95BF4B52-37AF-4987-B256-A4429D06D384}"
EndProject
Project("{FAE04EC0-301F-11D3-BF4B-00C04F79EFBC}") = "CarWorkshop.Infrastructure", "CarWorkshop.Infrastructure\CarWorkshop.Infrastructure.csproj", "{D31333AE-ECBA-4C5C-A26B-58F468C0A418}"
EndProject
Global
	GlobalSection(SolutionConfigurationPlatforms) = preSolution
		Debug|Any CPU = Debug|Any CPU
		Release|Any CPU = Release|Any CPU
	EndGlobalSection
	GlobalSection(ProjectConfigurationPlatforms) = postSolution
		{D58D0268-CADF-4B6A-996F-6603C78DC07B}.Debug|Any CPU.ActiveCfg = Debug|Any CPU
		{D58D0268-CADF-4B6A-996F-6603C78DC07B}.Debug|Any CPU.Build.0 = Debug|Any CPU
		{D58D0268-CADF-4B6A-996F-6603C78DC07B}.Release|Any CPU.ActiveCfg = Release|Any CPU
		{D58D0268-CADF-4B6A-996F-6603C78DC07B}.Release|Any CPU.Build.0 = Release|Any CPU
		{8B266C6B-72F9-45DC-9EFD-E759A771F445}.Debug|Any CPU.ActiveCfg = Debug|Any CPU
		{8B266C6B-72F9-45DC-9EFD-E759A771F445}.Debug|Any CPU.Build.0 = Debug|Any CPU
		{8B266C6B-72F9-45DC-9EFD-E759A771F445}.Release|Any CPU.ActiveCfg = Release|Any CPU
		{8B266C6B-72F9-45DC-9EFD-E759A771F445}.Release|Any CPU.Build.0 = Release|Any CPU
		{95BF4B52-37AF-4987-B256-A4429D06D384}.Debug|Any CPU.ActiveCfg = Debug|Any CPU
		{95BF4B52-37AF-4987-B256-A4429D06D384}.Debug|Any CPU.Build.0 = Debug|Any CPU
		{95BF4B52-37AF-4987-B256-A4429D06D384}.Release|Any CPU.ActiveCfg = Release|Any CPU
		{95BF4B52-37AF-4987-B256-A4429D06D384}.Release|Any CPU.Build.0 = Release|Any CPU
		{D31333AE-ECBA-4C5C-A26B-58F468C0A418}.Debug|Any CPU.ActiveCfg = Debug|Any CPU
		{D31333AE-ECBA-4C5C-A26B-58F468C0A418}.Debug|Any CPU.Build.0 = Debug|Any CPU
		{D31333AE-ECBA-4C5C-A26B-58F468C0A418}.Release|Any CPU.ActiveCfg = Release|Any CPU
		{D31333AE-ECBA-4C5C-A26B-58F468C0A418}.Release|Any CPU.Build.0 = Release|Any CPU
	EndGlobalSection
	GlobalSection(SolutionProperties) = preSolution
		HideSolutionNode = FALSE
	EndGlobalSection
	GlobalSection(ExtensibilityGlobals) = postSolution
		SolutionGuid = {44978385-E0A8-428B-B755-471DC366D0A1}
	EndGlobalSection
EndGlobal
